{
  "name": "git-test",
  "lockfileVersion": 2,
  "requires": true,
  "packages": {
    "": {
      "dependencies": {
        "vue": "^2.6.12"
      }
    },
    "node_modules/vue": {
      "version": "2.6.12",
      "resolved": "https://npm.yc345.tv/vue/-/vue-2.6.12.tgz",
      "integrity": "sha1-9evU+mvShpQD4pqJau1JBEVskSM=",
      "license": "MIT"
    }
  },
  "dependencies": {
    "vue": {
      "version": "2.6.12",
      "resolved": "https://npm.yc345.tv/vue/-/vue-2.6.12.tgz",
      "integrity": "sha1-9evU+mvShpQD4pqJau1JBEVskSM="
    }
  }
}
